<?xml version="1.0" encoding="utf-8"?>
<Project ToolsVersion="4.0" xmlns="http://schemas.microsoft.com/developer/msbuild/2003">
  <ItemGroup>
    <Filter Include="Unity">
      <UniqueIdentifier>{d3b892ac-253c-4dfb-a480-abccf293e5ec}</UniqueIdentifier>
    </Filter>
  </ItemGroup>
  <ItemGroup>
    <ClInclude Include="$(MSBuildThisFileDirectory)Unity\IUnityGraphics.h">
      <Filter>Unity</Filter>
    </ClInclude>
    <ClInclude Include="$(MSBuildThisFileDirectory)Unity\IUnityGraphicsD3D9.h">
      <Filter>Unity</Filter>
    </ClInclude>
    <ClInclude Include="$(MSBuildThisFileDirectory)Unity\IUnityGraphicsD3D11.h">
      <Filter>Unity</Filter>
    </ClInclude>
    <ClInclude Include="$(MSBuildThisFileDirectory)Unity\IUnityGraphicsD3D12.h">
      <Filter>Unity</Filter>
    </ClInclude>
    <ClInclude Include="$(MSBuildThisFileDirectory)Unity\IUnityGraphicsMetal.h">
      <Filter>Unity</Filter>
    </ClInclude>
    <ClInclude Include="$(MSBuildThisFileDirectory)Unity\IUnityInterface.h">
      <Filter>Unity</Filter>
    </ClInclude>
    <ClInclude Include="$(MSBuildThisFileDirectory)Unity\PlatformBase.h">
      <Filter>Unity</Filter>
    </ClInclude>
  </ItemGroup>
  <ItemGroup>
    <None Include="$(MSBuildThisFileDirectory)..\MediaEngineUWP\MediaPlayback.def" />
  </ItemGroup>
</Project>